// !$*UTF8*$!
{
	archiveVersion = 1;
	classes = {
	};
	objectVersion = 50;
	objects = {

/* Begin PBXBuildFile section */
		2A9A8DBC208A73716701E486 /* Pods_RapidAlertUITests.framework in Frameworks */ = {isa = PBXBuildFile; fileRef = 9407172ABC0508E7618C827E /* Pods_RapidAlertUITests.framework */; };
		3FE1A2F7E71075C72D3F981D /* Pods_RapidAlert.framework in Frameworks */ = {isa = PBXBuildFile; fileRef = 95B80262516D9602131FBF7D /* Pods_RapidAlert.framework */; };
		7400BE3020DC0A0F00FEF4B6 /* RapidAlert.xcdatamodeld in Sources */ = {isa = PBXBuildFile; fileRef = 7400BE2E20DC0A0F00FEF4B6 /* RapidAlert.xcdatamodeld */; };
		7435589720D0BA0E009052D3 /* rapidAlertLogo.jpg in Resources */ = {isa = PBXBuildFile; fileRef = 7435589620D0BA0E009052D3 /* rapidAlertLogo.jpg */; };
		7435589B20D0BA7D009052D3 /* rapidAlertLogo.png in Resources */ = {isa = PBXBuildFile; fileRef = 7435589A20D0BA7D009052D3 /* rapidAlertLogo.png */; };
		743AEED320CEDBEB00D86B4A /* StudentSignIn.swift in Sources */ = {isa = PBXBuildFile; fileRef = 743AEED220CEDBEB00D86B4A /* StudentSignIn.swift */; };
		743AEED520CEDC3B00D86B4A /* StudenSignUp.swift in Sources */ = {isa = PBXBuildFile; fileRef = 743AEED420CEDC3B00D86B4A /* StudenSignUp.swift */; };
		743AEED720CEDC8600D86B4A /* TeacherSignUp.swift in Sources */ = {isa = PBXBuildFile; fileRef = 743AEED620CEDC8600D86B4A /* TeacherSignUp.swift */; };
		743AEED920CEDCA800D86B4A /* SignUp.swift in Sources */ = {isa = PBXBuildFile; fileRef = 743AEED820CEDCA800D86B4A /* SignUp.swift */; };
		743AEEDB20CEDF1F00D86B4A /* TeacherSignIn.swift in Sources */ = {isa = PBXBuildFile; fileRef = 743AEEDA20CEDF1F00D86B4A /* TeacherSignIn.swift */; };
		743AEEDD20CEE3D200D86B4A /* StudentView.swift in Sources */ = {isa = PBXBuildFile; fileRef = 743AEEDC20CEE3D200D86B4A /* StudentView.swift */; };
		743AEEDF20CEE45800D86B4A /* TeacherView.swift in Sources */ = {isa = PBXBuildFile; fileRef = 743AEEDE20CEE45800D86B4A /* TeacherView.swift */; };
		7444B2BA20D0A9F300AFD5A1 /* StudentReport.swift in Sources */ = {isa = PBXBuildFile; fileRef = 7444B2B920D0A9F300AFD5A1 /* StudentReport.swift */; };
		7446065520DD72AB00991E5A /* AdminSignUp.swift in Sources */ = {isa = PBXBuildFile; fileRef = 7446065420DD72AB00991E5A /* AdminSignUp.swift */; };
		747633BE20DC196200B15E5B /* GoogleService-Info.plist in Resources */ = {isa = PBXBuildFile; fileRef = 747633BD20DC196100B15E5B /* GoogleService-Info.plist */; };
		747633BF20DC196200B15E5B /* GoogleService-Info.plist in Resources */ = {isa = PBXBuildFile; fileRef = 747633BD20DC196100B15E5B /* GoogleService-Info.plist */; };
		747633C020DC196200B15E5B /* GoogleService-Info.plist in Resources */ = {isa = PBXBuildFile; fileRef = 747633BD20DC196100B15E5B /* GoogleService-Info.plist */; };
		74B937E620CE261800B0E9E8 /* AppDelegate.swift in Sources */ = {isa = PBXBuildFile; fileRef = 74B937E520CE261800B0E9E8 /* AppDelegate.swift */; };
		74B937E820CE261800B0E9E8 /* ViewController.swift in Sources */ = {isa = PBXBuildFile; fileRef = 74B937E720CE261800B0E9E8 /* ViewController.swift */; };
		74B937EB20CE261800B0E9E8 /* Main.storyboard in Resources */ = {isa = PBXBuildFile; fileRef = 74B937E920CE261800B0E9E8 /* Main.storyboard */; };
		74B937ED20CE261900B0E9E8 /* Assets.xcassets in Resources */ = {isa = PBXBuildFile; fileRef = 74B937EC20CE261900B0E9E8 /* Assets.xcassets */; };
		74B937F020CE261900B0E9E8 /* LaunchScreen.storyboard in Resources */ = {isa = PBXBuildFile; fileRef = 74B937EE20CE261900B0E9E8 /* LaunchScreen.storyboard */; };
		74B937FB20CE261A00B0E9E8 /* RapidAlertTests.swift in Sources */ = {isa = PBXBuildFile; fileRef = 74B937FA20CE261A00B0E9E8 /* RapidAlertTests.swift */; };
		74B9380620CE261A00B0E9E8 /* RapidAlertUITests.swift in Sources */ = {isa = PBXBuildFile; fileRef = 74B9380520CE261A00B0E9E8 /* RapidAlertUITests.swift */; };
		85E74795FE99847FEE61BB27 /* Pods_RapidAlertTests.framework in Frameworks */ = {isa = PBXBuildFile; fileRef = 0F9CAB901032B5261E103C06 /* Pods_RapidAlertTests.framework */; };
/* End PBXBuildFile section */

/* Begin PBXContainerItemProxy section */
		74B937F720CE261A00B0E9E8 /* PBXContainerItemProxy */ = {
			isa = PBXContainerItemProxy;
			containerPortal = 74B937DA20CE261800B0E9E8 /* Project object */;
			proxyType = 1;
			remoteGlobalIDString = 74B937E120CE261800B0E9E8;
			remoteInfo = RapidAlert;
		};
		74B9380220CE261A00B0E9E8 /* PBXContainerItemProxy */ = {
			isa = PBXContainerItemProxy;
			containerPortal = 74B937DA20CE261800B0E9E8 /* Project object */;
			proxyType = 1;
			remoteGlobalIDString = 74B937E120CE261800B0E9E8;
			remoteInfo = RapidAlert;
		};
/* End PBXContainerItemProxy section */

/* Begin PBXFileReference section */
		0F9CAB901032B5261E103C06 /* Pods_RapidAlertTests.framework */ = {isa = PBXFileReference; explicitFileType = wrapper.framework; includeInIndex = 0; path = Pods_RapidAlertTests.framework; sourceTree = BUILT_PRODUCTS_DIR; };
		15BBE427E23871B2F47CD0F0 /* Pods-RapidAlertTests.debug.xcconfig */ = {isa = PBXFileReference; includeInIndex = 1; lastKnownFileType = text.xcconfig; name = "Pods-RapidAlertTests.debug.xcconfig"; path = "Pods/Target Support Files/Pods-RapidAlertTests/Pods-RapidAlertTests.debug.xcconfig"; sourceTree = "<group>"; };
		68B05F865BFE7DD182D20BF8 /* Pods-RapidAlertUITests.release.xcconfig */ = {isa = PBXFileReference; includeInIndex = 1; lastKnownFileType = text.xcconfig; name = "Pods-RapidAlertUITests.release.xcconfig"; path = "Pods/Target Support Files/Pods-RapidAlertUITests/Pods-RapidAlertUITests.release.xcconfig"; sourceTree = "<group>"; };
		7400BE2D20DC017900FEF4B6 /* RapidAlert.entitlements */ = {isa = PBXFileReference; lastKnownFileType = text.plist.entitlements; path = RapidAlert.entitlements; sourceTree = "<group>"; };
		7400BE2F20DC0A0F00FEF4B6 /* RapidAlert.xcdatamodel */ = {isa = PBXFileReference; lastKnownFileType = wrapper.xcdatamodel; path = RapidAlert.xcdatamodel; sourceTree = "<group>"; };
		7435589620D0BA0E009052D3 /* rapidAlertLogo.jpg */ = {isa = PBXFileReference; lastKnownFileType = image.jpeg; name = rapidAlertLogo.jpg; path = ../../../Desktop/rapidAlertLogo.jpg; sourceTree = "<group>"; };
		7435589A20D0BA7D009052D3 /* rapidAlertLogo.png */ = {isa = PBXFileReference; lastKnownFileType = image.png; name = rapidAlertLogo.png; path = ../../../Desktop/rapidAlertLogo.png; sourceTree = "<group>"; };
		743AEED220CEDBEB00D86B4A /* StudentSignIn.swift */ = {isa = PBXFileReference; lastKnownFileType = sourcecode.swift; path = StudentSignIn.swift; sourceTree = "<group>"; };
		743AEED420CEDC3B00D86B4A /* StudenSignUp.swift */ = {isa = PBXFileReference; lastKnownFileType = sourcecode.swift; path = StudenSignUp.swift; sourceTree = "<group>"; };
		743AEED620CEDC8600D86B4A /* TeacherSignUp.swift */ = {isa = PBXFileReference; lastKnownFileType = sourcecode.swift; path = TeacherSignUp.swift; sourceTree = "<group>"; };
		743AEED820CEDCA800D86B4A /* SignUp.swift */ = {isa = PBXFileReference; lastKnownFileType = sourcecode.swift; path = SignUp.swift; sourceTree = "<group>"; };
		743AEEDA20CEDF1F00D86B4A /* TeacherSignIn.swift */ = {isa = PBXFileReference; lastKnownFileType = sourcecode.swift; path = TeacherSignIn.swift; sourceTree = "<group>"; };
		743AEEDC20CEE3D200D86B4A /* StudentView.swift */ = {isa = PBXFileReference; lastKnownFileType = sourcecode.swift; path = StudentView.swift; sourceTree = "<group>"; };
		743AEEDE20CEE45800D86B4A /* TeacherView.swift */ = {isa = PBXFileReference; lastKnownFileType = sourcecode.swift; path = TeacherView.swift; sourceTree = "<group>"; };
		7444B2B920D0A9F300AFD5A1 /* StudentReport.swift */ = {isa = PBXFileReference; lastKnownFileType = sourcecode.swift; path = StudentReport.swift; sourceTree = "<group>"; };
		7446065420DD72AB00991E5A /* AdminSignUp.swift */ = {isa = PBXFileReference; lastKnownFileType = sourcecode.swift; path = AdminSignUp.swift; sourceTree = "<group>"; };
		747633BD20DC196100B15E5B /* GoogleService-Info.plist */ = {isa = PBXFileReference; fileEncoding = 4; lastKnownFileType = text.plist.xml; name = "GoogleService-Info.plist"; path = "../../../Downloads/GoogleService-Info.plist"; sourceTree = "<group>"; };
		74B937E220CE261800B0E9E8 /* RapidAlert.app */ = {isa = PBXFileReference; explicitFileType = wrapper.application; includeInIndex = 0; path = RapidAlert.app; sourceTree = BUILT_PRODUCTS_DIR; };
		74B937E520CE261800B0E9E8 /* AppDelegate.swift */ = {isa = PBXFileReference; lastKnownFileType = sourcecode.swift; path = AppDelegate.swift; sourceTree = "<group>"; };
		74B937E720CE261800B0E9E8 /* ViewController.swift */ = {isa = PBXFileReference; lastKnownFileType = sourcecode.swift; path = ViewController.swift; sourceTree = "<group>"; };
		74B937EA20CE261800B0E9E8 /* Base */ = {isa = PBXFileReference; lastKnownFileType = file.storyboard; name = Base; path = Base.lproj/Main.storyboard; sourceTree = "<group>"; };
		74B937EC20CE261900B0E9E8 /* Assets.xcassets */ = {isa = PBXFileReference; lastKnownFileType = folder.assetcatalog; path = Assets.xcassets; sourceTree = "<group>"; };
		74B937EF20CE261900B0E9E8 /* Base */ = {isa = PBXFileReference; lastKnownFileType = file.storyboard; name = Base; path = Base.lproj/LaunchScreen.storyboard; sourceTree = "<group>"; };
		74B937F120CE261A00B0E9E8 /* Info.plist */ = {isa = PBXFileReference; lastKnownFileType = text.plist.xml; path = Info.plist; sourceTree = "<group>"; };
		74B937F620CE261A00B0E9E8 /* RapidAlertTests.xctest */ = {isa = PBXFileReference; explicitFileType = wrapper.cfbundle; includeInIndex = 0; path = RapidAlertTests.xctest; sourceTree = BUILT_PRODUCTS_DIR; };
		74B937FA20CE261A00B0E9E8 /* RapidAlertTests.swift */ = {isa = PBXFileReference; lastKnownFileType = sourcecode.swift; path = RapidAlertTests.swift; sourceTree = "<group>"; };
		74B937FC20CE261A00B0E9E8 /* Info.plist */ = {isa = PBXFileReference; lastKnownFileType = text.plist.xml; path = Info.plist; sourceTree = "<group>"; };
		74B9380120CE261A00B0E9E8 /* RapidAlertUITests.xctest */ = {isa = PBXFileReference; explicitFileType = wrapper.cfbundle; includeInIndex = 0; path = RapidAlertUITests.xctest; sourceTree = BUILT_PRODUCTS_DIR; };
		74B9380520CE261A00B0E9E8 /* RapidAlertUITests.swift */ = {isa = PBXFileReference; lastKnownFileType = sourcecode.swift; path = RapidAlertUITests.swift; sourceTree = "<group>"; };
		74B9380720CE261A00B0E9E8 /* Info.plist */ = {isa = PBXFileReference; lastKnownFileType = text.plist.xml; path = Info.plist; sourceTree = "<group>"; };
		8A67923C58FEDA71B96942AC /* Pods-RapidAlertTests.release.xcconfig */ = {isa = PBXFileReference; includeInIndex = 1; lastKnownFileType = text.xcconfig; name = "Pods-RapidAlertTests.release.xcconfig"; path = "Pods/Target Support Files/Pods-RapidAlertTests/Pods-RapidAlertTests.release.xcconfig"; sourceTree = "<group>"; };
		9407172ABC0508E7618C827E /* Pods_RapidAlertUITests.framework */ = {isa = PBXFileReference; explicitFileType = wrapper.framework; includeInIndex = 0; path = Pods_RapidAlertUITests.framework; sourceTree = BUILT_PRODUCTS_DIR; };
		95B80262516D9602131FBF7D /* Pods_RapidAlert.framework */ = {isa = PBXFileReference; explicitFileType = wrapper.framework; includeInIndex = 0; path = Pods_RapidAlert.framework; sourceTree = BUILT_PRODUCTS_DIR; };
		9C887FCCCD82EDDB9FBEABBD /* Pods-RapidAlertUITests.debug.xcconfig */ = {isa = PBXFileReference; includeInIndex = 1; lastKnownFileType = text.xcconfig; name = "Pods-RapidAlertUITests.debug.xcconfig"; path = "Pods/Target Support Files/Pods-RapidAlertUITests/Pods-RapidAlertUITests.debug.xcconfig"; sourceTree = "<group>"; };
		C7643F08DAD147E4F32E3BA3 /* Pods-RapidAlert.debug.xcconfig */ = {isa = PBXFileReference; includeInIndex = 1; lastKnownFileType = text.xcconfig; name = "Pods-RapidAlert.debug.xcconfig"; path = "Pods/Target Support Files/Pods-RapidAlert/Pods-RapidAlert.debug.xcconfig"; sourceTree = "<group>"; };
		CDD0F6345662CEEBC56DCB99 /* Pods-RapidAlert.release.xcconfig */ = {isa = PBXFileReference; includeInIndex = 1; lastKnownFileType = text.xcconfig; name = "Pods-RapidAlert.release.xcconfig"; path = "Pods/Target Support Files/Pods-RapidAlert/Pods-RapidAlert.release.xcconfig"; sourceTree = "<group>"; };
/* End PBXFileReference section */

/* Begin PBXFrameworksBuildPhase section */
		74B937DF20CE261800B0E9E8 /* Frameworks */ = {
			isa = PBXFrameworksBuildPhase;
			buildActionMask = 2147483647;
			files = (
				3FE1A2F7E71075C72D3F981D /* Pods_RapidAlert.framework in Frameworks */,
			);
			runOnlyForDeploymentPostprocessing = 0;
		};
		74B937F320CE261A00B0E9E8 /* Frameworks */ = {
			isa = PBXFrameworksBuildPhase;
			buildActionMask = 2147483647;
			files = (
				85E74795FE99847FEE61BB27 /* Pods_RapidAlertTests.framework in Frameworks */,
			);
			runOnlyForDeploymentPostprocessing = 0;
		};
		74B937FE20CE261A00B0E9E8 /* Frameworks */ = {
			isa = PBXFrameworksBuildPhase;
			buildActionMask = 2147483647;
			files = (
				2A9A8DBC208A73716701E486 /* Pods_RapidAlertUITests.framework in Frameworks */,
			);
			runOnlyForDeploymentPostprocessing = 0;
		};
/* End PBXFrameworksBuildPhase section */

/* Begin PBXGroup section */
		74B937D920CE261800B0E9E8 = {
			isa = PBXGroup;
			children = (
				74B937E420CE261800B0E9E8 /* RapidAlert */,
				74B937F920CE261A00B0E9E8 /* RapidAlertTests */,
				74B9380420CE261A00B0E9E8 /* RapidAlertUITests */,
				74B937E320CE261800B0E9E8 /* Products */,
				C2A1C3CEB8AC1862B5D06578 /* Pods */,
				8C263AEDBBE5260C3D35F246 /* Frameworks */,
			);
			sourceTree = "<group>";
		};
		74B937E320CE261800B0E9E8 /* Products */ = {
			isa = PBXGroup;
			children = (
				74B937E220CE261800B0E9E8 /* RapidAlert.app */,
				74B937F620CE261A00B0E9E8 /* RapidAlertTests.xctest */,
				74B9380120CE261A00B0E9E8 /* RapidAlertUITests.xctest */,
			);
			name = Products;
			sourceTree = "<group>";
		};
		74B937E420CE261800B0E9E8 /* RapidAlert */ = {
			isa = PBXGroup;
			children = (
				7400BE2D20DC017900FEF4B6 /* RapidAlert.entitlements */,
				74B937E520CE261800B0E9E8 /* AppDelegate.swift */,
				7400BE2E20DC0A0F00FEF4B6 /* RapidAlert.xcdatamodeld */,
				74B937E720CE261800B0E9E8 /* ViewController.swift */,
				74B937E920CE261800B0E9E8 /* Main.storyboard */,
				7446065420DD72AB00991E5A /* AdminSignUp.swift */,
				7444B2B920D0A9F300AFD5A1 /* StudentReport.swift */,
				743AEEDE20CEE45800D86B4A /* TeacherView.swift */,
				743AEEDC20CEE3D200D86B4A /* StudentView.swift */,
				743AEEDA20CEDF1F00D86B4A /* TeacherSignIn.swift */,
				747633BD20DC196100B15E5B /* GoogleService-Info.plist */,
				743AEED820CEDCA800D86B4A /* SignUp.swift */,
				743AEED620CEDC8600D86B4A /* TeacherSignUp.swift */,
				743AEED420CEDC3B00D86B4A /* StudenSignUp.swift */,
				743AEED220CEDBEB00D86B4A /* StudentSignIn.swift */,
				7435589A20D0BA7D009052D3 /* rapidAlertLogo.png */,
				7435589620D0BA0E009052D3 /* rapidAlertLogo.jpg */,
				74B937EC20CE261900B0E9E8 /* Assets.xcassets */,
				74B937EE20CE261900B0E9E8 /* LaunchScreen.storyboard */,
				74B937F120CE261A00B0E9E8 /* Info.plist */,
			);
			path = RapidAlert;
			sourceTree = "<group>";
		};
		74B937F920CE261A00B0E9E8 /* RapidAlertTests */ = {
			isa = PBXGroup;
			children = (
				74B937FA20CE261A00B0E9E8 /* RapidAlertTests.swift */,
				74B937FC20CE261A00B0E9E8 /* Info.plist */,
			);
			path = RapidAlertTests;
			sourceTree = "<group>";
		};
		74B9380420CE261A00B0E9E8 /* RapidAlertUITests */ = {
			isa = PBXGroup;
			children = (
				74B9380520CE261A00B0E9E8 /* RapidAlertUITests.swift */,
				74B9380720CE261A00B0E9E8 /* Info.plist */,
			);
			path = RapidAlertUITests;
			sourceTree = "<group>";
		};
		8C263AEDBBE5260C3D35F246 /* Frameworks */ = {
			isa = PBXGroup;
			children = (
				95B80262516D9602131FBF7D /* Pods_RapidAlert.framework */,
				0F9CAB901032B5261E103C06 /* Pods_RapidAlertTests.framework */,
				9407172ABC0508E7618C827E /* Pods_RapidAlertUITests.framework */,
			);
			name = Frameworks;
			sourceTree = "<group>";
		};
		C2A1C3CEB8AC1862B5D06578 /* Pods */ = {
			isa = PBXGroup;
			children = (
				C7643F08DAD147E4F32E3BA3 /* Pods-RapidAlert.debug.xcconfig */,
				CDD0F6345662CEEBC56DCB99 /* Pods-RapidAlert.release.xcconfig */,
				15BBE427E23871B2F47CD0F0 /* Pods-RapidAlertTests.debug.xcconfig */,
				8A67923C58FEDA71B96942AC /* Pods-RapidAlertTests.release.xcconfig */,
				9C887FCCCD82EDDB9FBEABBD /* Pods-RapidAlertUITests.debug.xcconfig */,
				68B05F865BFE7DD182D20BF8 /* Pods-RapidAlertUITests.release.xcconfig */,
			);
			name = Pods;
			sourceTree = "<group>";
		};
/* End PBXGroup section */

/* Begin PBXNativeTarget section */
		74B937E120CE261800B0E9E8 /* RapidAlert */ = {
			isa = PBXNativeTarget;
			buildConfigurationList = 74B9380A20CE261A00B0E9E8 /* Build configuration list for PBXNativeTarget "RapidAlert" */;
			buildPhases = (
				A06CC5D95EC59A25CAFC754A /* [CP] Check Pods Manifest.lock */,
				74B937DE20CE261800B0E9E8 /* Sources */,
				74B937DF20CE261800B0E9E8 /* Frameworks */,
				74B937E020CE261800B0E9E8 /* Resources */,
				92E8D3E6E86AC22D84A4B61D /* [CP] Embed Pods Frameworks */,
			);
			buildRules = (
			);
			dependencies = (
			);
			name = RapidAlert;
			productName = RapidAlert;
			productReference = 74B937E220CE261800B0E9E8 /* RapidAlert.app */;
			productType = "com.apple.product-type.application";
		};
		74B937F520CE261A00B0E9E8 /* RapidAlertTests */ = {
			isa = PBXNativeTarget;
			buildConfigurationList = 74B9380D20CE261A00B0E9E8 /* Build configuration list for PBXNativeTarget "RapidAlertTests" */;
			buildPhases = (
				4A77CB3BCA26FFC0FA0E0331 /* [CP] Check Pods Manifest.lock */,
				74B937F220CE261A00B0E9E8 /* Sources */,
				74B937F320CE261A00B0E9E8 /* Frameworks */,
				74B937F420CE261A00B0E9E8 /* Resources */,
			);
			buildRules = (
			);
			dependencies = (
				74B937F820CE261A00B0E9E8 /* PBXTargetDependency */,
			);
			name = RapidAlertTests;
			productName = RapidAlertTests;
			productReference = 74B937F620CE261A00B0E9E8 /* RapidAlertTests.xctest */;
			productType = "com.apple.product-type.bundle.unit-test";
		};
		74B9380020CE261A00B0E9E8 /* RapidAlertUITests */ = {
			isa = PBXNativeTarget;
			buildConfigurationList = 74B9381020CE261A00B0E9E8 /* Build configuration list for PBXNativeTarget "RapidAlertUITests" */;
			buildPhases = (
				B9F439BBE591AAC9348B6764 /* [CP] Check Pods Manifest.lock */,
				74B937FD20CE261A00B0E9E8 /* Sources */,
				74B937FE20CE261A00B0E9E8 /* Frameworks */,
				74B937FF20CE261A00B0E9E8 /* Resources */,
			);
			buildRules = (
			);
			dependencies = (
				74B9380320CE261A00B0E9E8 /* PBXTargetDependency */,
			);
			name = RapidAlertUITests;
			productName = RapidAlertUITests;
			productReference = 74B9380120CE261A00B0E9E8 /* RapidAlertUITests.xctest */;
			productType = "com.apple.product-type.bundle.ui-testing";
		};
/* End PBXNativeTarget section */

/* Begin PBXProject section */
		74B937DA20CE261800B0E9E8 /* Project object */ = {
			isa = PBXProject;
			attributes = {
				LastSwiftUpdateCheck = 0930;
				LastUpgradeCheck = 0930;
				ORGANIZATIONNAME = "Kyle Litton";
				TargetAttributes = {
					74B937E120CE261800B0E9E8 = {
						CreatedOnToolsVersion = 9.3.1;
						LastSwiftMigration = 1000;
						SystemCapabilities = {
							com.apple.Push = {
								enabled = 1;
							};
						};
					};
					74B937F520CE261A00B0E9E8 = {
						CreatedOnToolsVersion = 9.3.1;
						LastSwiftMigration = 1000;
						TestTargetID = 74B937E120CE261800B0E9E8;
					};
					74B9380020CE261A00B0E9E8 = {
						CreatedOnToolsVersion = 9.3.1;
						LastSwiftMigration = 1000;
						TestTargetID = 74B937E120CE261800B0E9E8;
					};
				};
			};
			buildConfigurationList = 74B937DD20CE261800B0E9E8 /* Build configuration list for PBXProject "RapidAlert" */;
			compatibilityVersion = "Xcode 9.3";
			developmentRegion = en;
			hasScannedForEncodings = 0;
			knownRegions = (
				en,
				Base,
			);
			mainGroup = 74B937D920CE261800B0E9E8;
			productRefGroup = 74B937E320CE261800B0E9E8 /* Products */;
			projectDirPath = "";
			projectRoot = "";
			targets = (
				74B937E120CE261800B0E9E8 /* RapidAlert */,
				74B937F520CE261A00B0E9E8 /* RapidAlertTests */,
				74B9380020CE261A00B0E9E8 /* RapidAlertUITests */,
			);
		};
/* End PBXProject section */

/* Begin PBXResourcesBuildPhase section */
		74B937E020CE261800B0E9E8 /* Resources */ = {
			isa = PBXResourcesBuildPhase;
			buildActionMask = 2147483647;
			files = (
				7435589720D0BA0E009052D3 /* rapidAlertLogo.jpg in Resources */,
				74B937F020CE261900B0E9E8 /* LaunchScreen.storyboard in Resources */,
				7435589B20D0BA7D009052D3 /* rapidAlertLogo.png in Resources */,
				74B937ED20CE261900B0E9E8 /* Assets.xcassets in Resources */,
				74B937EB20CE261800B0E9E8 /* Main.storyboard in Resources */,
				747633BE20DC196200B15E5B /* GoogleService-Info.plist in Resources */,
			);
			runOnlyForDeploymentPostprocessing = 0;
		};
		74B937F420CE261A00B0E9E8 /* Resources */ = {
			isa = PBXResourcesBuildPhase;
			buildActionMask = 2147483647;
			files = (
				747633BF20DC196200B15E5B /* GoogleService-Info.plist in Resources */,
			);
			runOnlyForDeploymentPostprocessing = 0;
		};
		74B937FF20CE261A00B0E9E8 /* Resources */ = {
			isa = PBXResourcesBuildPhase;
			buildActionMask = 2147483647;
			files = (
				747633C020DC196200B15E5B /* GoogleService-Info.plist in Resources */,
			);
			runOnlyForDeploymentPostprocessing = 0;
		};
/* End PBXResourcesBuildPhase section */

/* Begin PBXShellScriptBuildPhase section */
		4A77CB3BCA26FFC0FA0E0331 /* [CP] Check Pods Manifest.lock */ = {
			isa = PBXShellScriptBuildPhase;
			buildActionMask = 2147483647;
			files = (
			);
			inputPaths = (
				"${PODS_PODFILE_DIR_PATH}/Podfile.lock",
				"${PODS_ROOT}/Manifest.lock",
			);
			name = "[CP] Check Pods Manifest.lock";
			outputPaths = (
				"$(DERIVED_FILE_DIR)/Pods-RapidAlertTests-checkManifestLockResult.txt",
			);
			runOnlyForDeploymentPostprocessing = 0;
			shellPath = /bin/sh;
			shellScript = "diff \"${PODS_PODFILE_DIR_PATH}/Podfile.lock\" \"${PODS_ROOT}/Manifest.lock\" > /dev/null\nif [ $? != 0 ] ; then\n    # print error to STDERR\n    echo \"error: The sandbox is not in sync with the Podfile.lock. Run 'pod install' or update your CocoaPods installation.\" >&2\n    exit 1\nfi\n# This output is used by Xcode 'outputs' to avoid re-running this script phase.\necho \"SUCCESS\" > \"${SCRIPT_OUTPUT_FILE_0}\"\n";
			showEnvVarsInLog = 0;
		};
		92E8D3E6E86AC22D84A4B61D /* [CP] Embed Pods Frameworks */ = {
			isa = PBXShellScriptBuildPhase;
			buildActionMask = 2147483647;
			files = (
			);
			inputPaths = (
				"${SRCROOT}/Pods/Target Support Files/Pods-RapidAlert/Pods-RapidAlert-frameworks.sh",
				"${BUILT_PRODUCTS_DIR}/BoringSSL/openssl.framework",
				"${BUILT_PRODUCTS_DIR}/GTMSessionFetcher/GTMSessionFetcher.framework",
				"${BUILT_PRODUCTS_DIR}/GoogleToolboxForMac/GoogleToolboxForMac.framework",
				"${BUILT_PRODUCTS_DIR}/Protobuf/Protobuf.framework",
				"${BUILT_PRODUCTS_DIR}/gRPC/GRPCClient.framework",
				"${BUILT_PRODUCTS_DIR}/gRPC-Core/grpc.framework",
				"${BUILT_PRODUCTS_DIR}/gRPC-ProtoRPC/ProtoRPC.framework",
				"${BUILT_PRODUCTS_DIR}/gRPC-RxLibrary/RxLibrary.framework",
				"${BUILT_PRODUCTS_DIR}/leveldb-library/leveldb.framework",
				"${BUILT_PRODUCTS_DIR}/nanopb/nanopb.framework",
			);
			name = "[CP] Embed Pods Frameworks";
			outputPaths = (
				"${TARGET_BUILD_DIR}/${FRAMEWORKS_FOLDER_PATH}/openssl.framework",
				"${TARGET_BUILD_DIR}/${FRAMEWORKS_FOLDER_PATH}/GTMSessionFetcher.framework",
				"${TARGET_BUILD_DIR}/${FRAMEWORKS_FOLDER_PATH}/GoogleToolboxForMac.framework",
				"${TARGET_BUILD_DIR}/${FRAMEWORKS_FOLDER_PATH}/Protobuf.framework",
				"${TARGET_BUILD_DIR}/${FRAMEWORKS_FOLDER_PATH}/GRPCClient.framework",
				"${TARGET_BUILD_DIR}/${FRAMEWORKS_FOLDER_PATH}/grpc.framework",
				"${TARGET_BUILD_DIR}/${FRAMEWORKS_FOLDER_PATH}/ProtoRPC.framework",
				"${TARGET_BUILD_DIR}/${FRAMEWORKS_FOLDER_PATH}/RxLibrary.framework",
				"${TARGET_BUILD_DIR}/${FRAMEWORKS_FOLDER_PATH}/leveldb.framework",
				"${TARGET_BUILD_DIR}/${FRAMEWORKS_FOLDER_PATH}/nanopb.framework",
			);
			runOnlyForDeploymentPostprocessing = 0;
			shellPath = /bin/sh;
			shellScript = "\"${SRCROOT}/Pods/Target Support Files/Pods-RapidAlert/Pods-RapidAlert-frameworks.sh\"\n";
			showEnvVarsInLog = 0;
		};
		A06CC5D95EC59A25CAFC754A /* [CP] Check Pods Manifest.lock */ = {
			isa = PBXShellScriptBuildPhase;
			buildActionMask = 2147483647;
			files = (
			);
			inputPaths = (
				"${PODS_PODFILE_DIR_PATH}/Podfile.lock",
				"${PODS_ROOT}/Manifest.lock",
			);
			name = "[CP] Check Pods Manifest.lock";
			outputPaths = (
				"$(DERIVED_FILE_DIR)/Pods-RapidAlert-checkManifestLockResult.txt",
			);
			runOnlyForDeploymentPostprocessing = 0;
			shellPath = /bin/sh;
			shellScript = "diff \"${PODS_PODFILE_DIR_PATH}/Podfile.lock\" \"${PODS_ROOT}/Manifest.lock\" > /dev/null\nif [ $? != 0 ] ; then\n    # print error to STDERR\n    echo \"error: The sandbox is not in sync with the Podfile.lock. Run 'pod install' or update your CocoaPods installation.\" >&2\n    exit 1\nfi\n# This output is used by Xcode 'outputs' to avoid re-running this script phase.\necho \"SUCCESS\" > \"${SCRIPT_OUTPUT_FILE_0}\"\n";
			showEnvVarsInLog = 0;
		};
		B9F439BBE591AAC9348B6764 /* [CP] Check Pods Manifest.lock */ = {
			isa = PBXShellScriptBuildPhase;
			buildActionMask = 2147483647;
			files = (
			);
			inputPaths = (
				"${PODS_PODFILE_DIR_PATH}/Podfile.lock",
				"${PODS_ROOT}/Manifest.lock",
			);
			name = "[CP] Check Pods Manifest.lock";
			outputPaths = (
				"$(DERIVED_FILE_DIR)/Pods-RapidAlertUITests-checkManifestLockResult.txt",
			);
			runOnlyForDeploymentPostprocessing = 0;
			shellPath = /bin/sh;
			shellScript = "diff \"${PODS_PODFILE_DIR_PATH}/Podfile.lock\" \"${PODS_ROOT}/Manifest.lock\" > /dev/null\nif [ $? != 0 ] ; then\n    # print error to STDERR\n    echo \"error: The sandbox is not in sync with the Podfile.lock. Run 'pod install' or update your CocoaPods installation.\" >&2\n    exit 1\nfi\n# This output is used by Xcode 'outputs' to avoid re-running this script phase.\necho \"SUCCESS\" > \"${SCRIPT_OUTPUT_FILE_0}\"\n";
			showEnvVarsInLog = 0;
		};
/* End PBXShellScriptBuildPhase section */

/* Begin PBXSourcesBuildPhase section */
		74B937DE20CE261800B0E9E8 /* Sources */ = {
			isa = PBXSourcesBuildPhase;
			buildActionMask = 2147483647;
			files = (
				74B937E820CE261800B0E9E8 /* ViewController.swift in Sources */,
				743AEED920CEDCA800D86B4A /* SignUp.swift in Sources */,
				7400BE3020DC0A0F00FEF4B6 /* RapidAlert.xcdatamodeld in Sources */,
				743AEEDF20CEE45800D86B4A /* TeacherView.swift in Sources */,
				743AEED320CEDBEB00D86B4A /* StudentSignIn.swift in Sources */,
				743AEED720CEDC8600D86B4A /* TeacherSignUp.swift in Sources */,
				743AEED520CEDC3B00D86B4A /* StudenSignUp.swift in Sources */,
				7446065520DD72AB00991E5A /* AdminSignUp.swift in Sources */,
				743AEEDB20CEDF1F00D86B4A /* TeacherSignIn.swift in Sources */,
				743AEEDD20CEE3D200D86B4A /* StudentView.swift in Sources */,
				74B937E620CE261800B0E9E8 /* AppDelegate.swift in Sources */,
				7444B2BA20D0A9F300AFD5A1 /* StudentReport.swift in Sources */,
			);
			runOnlyForDeploymentPostprocessing = 0;
		};
		74B937F220CE261A00B0E9E8 /* Sources */ = {
			isa = PBXSourcesBuildPhase;
			buildActionMask = 2147483647;
			files = (
				74B937FB20CE261A00B0E9E8 /* RapidAlertTests.swift in Sources */,
			);
			runOnlyForDeploymentPostprocessing = 0;
		};
		74B937FD20CE261A00B0E9E8 /* Sources */ = {
			isa = PBXSourcesBuildPhase;
			buildActionMask = 2147483647;
			files = (
				74B9380620CE261A00B0E9E8 /* RapidAlertUITests.swift in Sources */,
			);
			runOnlyForDeploymentPostprocessing = 0;
		};
/* End PBXSourcesBuildPhase section */

/* Begin PBXTargetDependency section */
		74B937F820CE261A00B0E9E8 /* PBXTargetDependency */ = {
			isa = PBXTargetDependency;
			target = 74B937E120CE261800B0E9E8 /* RapidAlert */;
			targetProxy = 74B937F720CE261A00B0E9E8 /* PBXContainerItemProxy */;
		};
		74B9380320CE261A00B0E9E8 /* PBXTargetDependency */ = {
			isa = PBXTargetDependency;
			target = 74B937E120CE261800B0E9E8 /* RapidAlert */;
			targetProxy = 74B9380220CE261A00B0E9E8 /* PBXContainerItemProxy */;
		};
/* End PBXTargetDependency section */

/* Begin PBXVariantGroup section */
		74B937E920CE261800B0E9E8 /* Main.storyboard */ = {
			isa = PBXVariantGroup;
			children = (
				74B937EA20CE261800B0E9E8 /* Base */,
			);
			name = Main.storyboard;
			sourceTree = "<group>";
		};
		74B937EE20CE261900B0E9E8 /* LaunchScreen.storyboard */ = {
			isa = PBXVariantGroup;
			children = (
				74B937EF20CE261900B0E9E8 /* Base */,
			);
			name = LaunchScreen.storyboard;
			sourceTree = "<group>";
		};
/* End PBXVariantGroup section */

/* Begin XCBuildConfiguration section */
		74B9380820CE261A00B0E9E8 /* Debug */ = {
			isa = XCBuildConfiguration;
			buildSettings = {
				ALWAYS_SEARCH_USER_PATHS = NO;
				CLANG_ANALYZER_NONNULL = YES;
				CLANG_ANALYZER_NUMBER_OBJECT_CONVERSION = YES_AGGRESSIVE;
				CLANG_CXX_LANGUAGE_STANDARD = "gnu++14";
				CLANG_CXX_LIBRARY = "libc++";
				CLANG_ENABLE_MODULES = YES;
				CLANG_ENABLE_OBJC_ARC = YES;
				CLANG_ENABLE_OBJC_WEAK = YES;
				CLANG_WARN_BLOCK_CAPTURE_AUTORELEASING = YES;
				CLANG_WARN_BOOL_CONVERSION = YES;
				CLANG_WARN_COMMA = YES;
				CLANG_WARN_CONSTANT_CONVERSION = YES;
				CLANG_WARN_DEPRECATED_OBJC_IMPLEMENTATIONS = YES;
				CLANG_WARN_DIRECT_OBJC_ISA_USAGE = YES_ERROR;
				CLANG_WARN_DOCUMENTATION_COMMENTS = YES;
				CLANG_WARN_EMPTY_BODY = YES;
				CLANG_WARN_ENUM_CONVERSION = YES;
				CLANG_WARN_INFINITE_RECURSION = YES;
				CLANG_WARN_INT_CONVERSION = YES;
				CLANG_WARN_NON_LITERAL_NULL_CONVERSION = YES;
				CLANG_WARN_OBJC_IMPLICIT_RETAIN_SELF = YES;
				CLANG_WARN_OBJC_LITERAL_CONVERSION = YES;
				CLANG_WARN_OBJC_ROOT_CLASS = YES_ERROR;
				CLANG_WARN_RANGE_LOOP_ANALYSIS = YES;
				CLANG_WARN_STRICT_PROTOTYPES = YES;
				CLANG_WARN_SUSPICIOUS_MOVE = YES;
				CLANG_WARN_UNGUARDED_AVAILABILITY = YES_AGGRESSIVE;
				CLANG_WARN_UNREACHABLE_CODE = YES;
				CLANG_WARN__DUPLICATE_METHOD_MATCH = YES;
				CODE_SIGN_IDENTITY = "iPhone Developer";
				COPY_PHASE_STRIP = NO;
				DEBUG_INFORMATION_FORMAT = dwarf;
				ENABLE_STRICT_OBJC_MSGSEND = YES;
				ENABLE_TESTABILITY = YES;
				GCC_C_LANGUAGE_STANDARD = gnu11;
				GCC_DYNAMIC_NO_PIC = NO;
				GCC_NO_COMMON_BLOCKS = YES;
				GCC_OPTIMIZATION_LEVEL = 0;
				GCC_PREPROCESSOR_DEFINITIONS = (
					"DEBUG=1",
					"$(inherited)",
				);
				GCC_WARN_64_TO_32_BIT_CONVERSION = YES;
				GCC_WARN_ABOUT_RETURN_TYPE = YES_ERROR;
				GCC_WARN_UNDECLARED_SELECTOR = YES;
				GCC_WARN_UNINITIALIZED_AUTOS = YES_AGGRESSIVE;
				GCC_WARN_UNUSED_FUNCTION = YES;
				GCC_WARN_UNUSED_VARIABLE = YES;
				IPHONEOS_DEPLOYMENT_TARGET = 11.3;
				MTL_ENABLE_DEBUG_INFO = YES;
				ONLY_ACTIVE_ARCH = YES;
				SDKROOT = iphoneos;
				SWIFT_ACTIVE_COMPILATION_CONDITIONS = DEBUG;
				SWIFT_OPTIMIZATION_LEVEL = "-Onone";
			};
			name = Debug;
		};
		74B9380920CE261A00B0E9E8 /* Release */ = {
			isa = XCBuildConfiguration;
			buildSettings = {
				ALWAYS_SEARCH_USER_PATHS = NO;
				CLANG_ANALYZER_NONNULL = YES;
				CLANG_ANALYZER_NUMBER_OBJECT_CONVERSION = YES_AGGRESSIVE;
				CLANG_CXX_LANGUAGE_STANDARD = "gnu++14";
				CLANG_CXX_LIBRARY = "libc++";
				CLANG_ENABLE_MODULES = YES;
				CLANG_ENABLE_OBJC_ARC = YES;
				CLANG_ENABLE_OBJC_WEAK = YES;
				CLANG_WARN_BLOCK_CAPTURE_AUTORELEASING = YES;
				CLANG_WARN_BOOL_CONVERSION = YES;
				CLANG_WARN_COMMA = YES;
				CLANG_WARN_CONSTANT_CONVERSION = YES;
				CLANG_WARN_DEPRECATED_OBJC_IMPLEMENTATIONS = YES;
				CLANG_WARN_DIRECT_OBJC_ISA_USAGE = YES_ERROR;
				CLANG_WARN_DOCUMENTATION_COMMENTS = YES;
				CLANG_WARN_EMPTY_BODY = YES;
				CLANG_WARN_ENUM_CONVERSION = YES;
				CLANG_WARN_INFINITE_RECURSION = YES;
				CLANG_WARN_INT_CONVERSION = YES;
				CLANG_WARN_NON_LITERAL_NULL_CONVERSION = YES;
				CLANG_WARN_OBJC_IMPLICIT_RETAIN_SELF = YES;
				CLANG_WARN_OBJC_LITERAL_CONVERSION = YES;
				CLANG_WARN_OBJC_ROOT_CLASS = YES_ERROR;
				CLANG_WARN_RANGE_LOOP_ANALYSIS = YES;
				CLANG_WARN_STRICT_PROTOTYPES = YES;
				CLANG_WARN_SUSPICIOUS_MOVE = YES;
				CLANG_WARN_UNGUARDED_AVAILABILITY = YES_AGGRESSIVE;
				CLANG_WARN_UNREACHABLE_CODE = YES;
				CLANG_WARN__DUPLICATE_METHOD_MATCH = YES;
				CODE_SIGN_IDENTITY = "iPhone Developer";
				COPY_PHASE_STRIP = NO;
				DEBUG_INFORMATION_FORMAT = "dwarf-with-dsym";
				ENABLE_NS_ASSERTIONS = NO;
				ENABLE_STRICT_OBJC_MSGSEND = YES;
				GCC_C_LANGUAGE_STANDARD = gnu11;
				GCC_NO_COMMON_BLOCKS = YES;
				GCC_WARN_64_TO_32_BIT_CONVERSION = YES;
				GCC_WARN_ABOUT_RETURN_TYPE = YES_ERROR;
				GCC_WARN_UNDECLARED_SELECTOR = YES;
				GCC_WARN_UNINITIALIZED_AUTOS = YES_AGGRESSIVE;
				GCC_WARN_UNUSED_FUNCTION = YES;
				GCC_WARN_UNUSED_VARIABLE = YES;
				IPHONEOS_DEPLOYMENT_TARGET = 11.3;
				MTL_ENABLE_DEBUG_INFO = NO;
				SDKROOT = iphoneos;
				SWIFT_COMPILATION_MODE = wholemodule;
				SWIFT_OPTIMIZATION_LEVEL = "-O";
				VALIDATE_PRODUCT = YES;
			};
			name = Release;
		};
		74B9380B20CE261A00B0E9E8 /* Debug */ = {
			isa = XCBuildConfiguration;
			baseConfigurationReference = C7643F08DAD147E4F32E3BA3 /* Pods-RapidAlert.debug.xcconfig */;
			buildSettings = {
				ASSETCATALOG_COMPILER_APPICON_NAME = AppIcon;
				CODE_SIGN_ENTITLEMENTS = RapidAlert/RapidAlert.entitlements;
				CODE_SIGN_STYLE = Automatic;
				DEVELOPMENT_TEAM = 9KNXD7EFP2;
				INFOPLIST_FILE = RapidAlert/Info.plist;
				LD_RUNPATH_SEARCH_PATHS = (
					"$(inherited)",
					"@executable_path/Frameworks",
				);
				PRODUCT_BUNDLE_IDENTIFIER = RapidAlert.RapidAlert;
				PRODUCT_NAME = "$(TARGET_NAME)";
				SWIFT_VERSION = 4.2;
				TARGETED_DEVICE_FAMILY = "1,2";
			};
			name = Debug;
		};
		74B9380C20CE261A00B0E9E8 /* Release */ = {
			isa = XCBuildConfiguration;
			baseConfigurationReference = CDD0F6345662CEEBC56DCB99 /* Pods-RapidAlert.release.xcconfig */;
			buildSettings = {
				ASSETCATALOG_COMPILER_APPICON_NAME = AppIcon;
				CODE_SIGN_ENTITLEMENTS = RapidAlert/RapidAlert.entitlements;
				CODE_SIGN_STYLE = Automatic;
				DEVELOPMENT_TEAM = 9KNXD7EFP2;
				INFOPLIST_FILE = RapidAlert/Info.plist;
				LD_RUNPATH_SEARCH_PATHS = (
					"$(inherited)",
					"@executable_path/Frameworks",
				);
				PRODUCT_BUNDLE_IDENTIFIER = RapidAlert.RapidAlert;
				PRODUCT_NAME = "$(TARGET_NAME)";
				SWIFT_VERSION = 4.2;
				TARGETED_DEVICE_FAMILY = "1,2";
			};
			name = Release;
		};
		74B9380E20CE261A00B0E9E8 /* Debug */ = {
			isa = XCBuildConfiguration;
			baseConfigurationReference = 15BBE427E23871B2F47CD0F0 /* Pods-RapidAlertTests.debug.xcconfig */;
			buildSettings = {
				ALWAYS_EMBED_SWIFT_STANDARD_LIBRARIES = YES;
				BUNDLE_LOADER = "$(TEST_HOST)";
				CODE_SIGN_STYLE = Automatic;
				DEVELOPMENT_TEAM = 9KNXD7EFP2;
				INFOPLIST_FILE = RapidAlertTests/Info.plist;
				LD_RUNPATH_SEARCH_PATHS = (
					"$(inherited)",
					"@executable_path/Frameworks",
					"@loader_path/Frameworks",
				);
				PRODUCT_BUNDLE_IDENTIFIER = RapidAlert.RapidAlertTests;
				PRODUCT_NAME = "$(TARGET_NAME)";
				SWIFT_VERSION = 4.2;
				TARGETED_DEVICE_FAMILY = "1,2";
				TEST_HOST = "$(BUILT_PRODUCTS_DIR)/RapidAlert.app/RapidAlert";
			};
			name = Debug;
		};
		74B9380F20CE261A00B0E9E8 /* Release */ = {
			isa = XCBuildConfiguration;
			baseConfigurationReference = 8A67923C58FEDA71B96942AC /* Pods-RapidAlertTests.release.xcconfig */;
			buildSettings = {
				ALWAYS_EMBED_SWIFT_STANDARD_LIBRARIES = YES;
				BUNDLE_LOADER = "$(TEST_HOST)";
				CODE_SIGN_STYLE = Automatic;
				DEVELOPMENT_TEAM = 9KNXD7EFP2;
				INFOPLIST_FILE = RapidAlertTests/Info.plist;
				LD_RUNPATH_SEARCH_PATHS = (
					"$(inherited)",
					"@executable_path/Frameworks",
					"@loader_path/Frameworks",
				);
				PRODUCT_BUNDLE_IDENTIFIER = RapidAlert.RapidAlertTests;
				PRODUCT_NAME = "$(TARGET_NAME)";
				SWIFT_VERSION = 4.2;
				TARGETED_DEVICE_FAMILY = "1,2";
				TEST_HOST = "$(BUILT_PRODUCTS_DIR)/RapidAlert.app/RapidAlert";
			};
			name = Release;
		};
		74B9381120CE261A00B0E9E8 /* Debug */ = {
			isa = XCBuildConfiguration;
			baseConfigurationReference = 9C887FCCCD82EDDB9FBEABBD /* Pods-RapidAlertUITests.debug.xcconfig */;
			buildSettings = {
				ALWAYS_EMBED_SWIFT_STANDARD_LIBRARIES = YES;
				CODE_SIGN_STYLE = Automatic;
				DEVELOPMENT_TEAM = 9KNXD7EFP2;
				INFOPLIST_FILE = RapidAlertUITests/Info.plist;
				LD_RUNPATH_SEARCH_PATHS = (
					"$(inherited)",
					"@executable_path/Frameworks",
					"@loader_path/Frameworks",
				);
				PRODUCT_BUNDLE_IDENTIFIER = RapidAlert.RapidAlertUITests;
				PRODUCT_NAME = "$(TARGET_NAME)";
				SWIFT_VERSION = 4.2;
				TARGETED_DEVICE_FAMILY = "1,2";
				TEST_TARGET_NAME = RapidAlert;
			};
			name = Debug;
		};
		74B9381220CE261A00B0E9E8 /* Release */ = {
			isa = XCBuildConfiguration;
			baseConfigurationReference = 68B05F865BFE7DD182D20BF8 /* Pods-RapidAlertUITests.release.xcconfig */;
			buildSettings = {
				ALWAYS_EMBED_SWIFT_STANDARD_LIBRARIES = YES;
				CODE_SIGN_STYLE = Automatic;
				DEVELOPMENT_TEAM = 9KNXD7EFP2;
				INFOPLIST_FILE = RapidAlertUITests/Info.plist;
				LD_RUNPATH_SEARCH_PATHS = (
					"$(inherited)",
					"@executable_path/Frameworks",
					"@loader_path/Frameworks",
				);
				PRODUCT_BUNDLE_IDENTIFIER = RapidAlert.RapidAlertUITests;
				PRODUCT_NAME = "$(TARGET_NAME)";
				SWIFT_VERSION = 4.2;
				TARGETED_DEVICE_FAMILY = "1,2";
				TEST_TARGET_NAME = RapidAlert;
			};
			name = Release;
		};
/* End XCBuildConfiguration section */

/* Begin XCConfigurationList section */
		74B937DD20CE261800B0E9E8 /* Build configuration list for PBXProject "RapidAlert" */ = {
			isa = XCConfigurationList;
			buildConfigurations = (
				74B9380820CE261A00B0E9E8 /* Debug */,
				74B9380920CE261A00B0E9E8 /* Release */,
			);
			defaultConfigurationIsVisible = 0;
			defaultConfigurationName = Release;
		};
		74B9380A20CE261A00B0E9E8 /* Build configuration list for PBXNativeTarget "RapidAlert" */ = {
			isa = XCConfigurationList;
			buildConfigurations = (
				74B9380B20CE261A00B0E9E8 /* Debug */,
				74B9380C20CE261A00B0E9E8 /* Release */,
			);
			defaultConfigurationIsVisible = 0;
			defaultConfigurationName = Release;
		};
		74B9380D20CE261A00B0E9E8 /* Build configuration list for PBXNativeTarget "RapidAlertTests" */ = {
			isa = XCConfigurationList;
			buildConfigurations = (
				74B9380E20CE261A00B0E9E8 /* Debug */,
				74B9380F20CE261A00B0E9E8 /* Release */,
			);
			defaultConfigurationIsVisible = 0;
			defaultConfigurationName = Release;
		};
		74B9381020CE261A00B0E9E8 /* Build configuration list for PBXNativeTarget "RapidAlertUITests" */ = {
			isa = XCConfigurationList;
			buildConfigurations = (
				74B9381120CE261A00B0E9E8 /* Debug */,
				74B9381220CE261A00B0E9E8 /* Release */,
			);
			defaultConfigurationIsVisible = 0;
			defaultConfigurationName = Release;
		};
/* End XCConfigurationList section */

/* Begin XCVersionGroup section */
		7400BE2E20DC0A0F00FEF4B6 /* RapidAlert.xcdatamodeld */ = {
			isa = XCVersionGroup;
			children = (
				7400BE2F20DC0A0F00FEF4B6 /* RapidAlert.xcdatamodel */,
			);
			currentVersion = 7400BE2F20DC0A0F00FEF4B6 /* RapidAlert.xcdatamodel */;
			path = RapidAlert.xcdatamodeld;
			sourceTree = "<group>";
			versionGroupType = wrapper.xcdatamodel;
		};
/* End XCVersionGroup section */
	};
	rootObject = 74B937DA20CE261800B0E9E8 /* Project object */;
}
